
Microsoft Visual Studio Solution File, Format Version 12.00
# Visual Studio Version 17
VisualStudioVersion = 17.0.31903.59
MinimumVisualStudioVersion = 10.0.40219.1
Project("{FAE04EC0-301F-11D3-BF4B-00C04F79EFBC}") = "CryptoBot.Host", "CryptoBot.Host\CryptoBot.Host.csproj", "{9310325A-F079-4C81-8BD6-898419F09763}"
EndProject
Project("{FAE04EC0-301F-11D3-BF4B-00C04F79EFBC}") = "CryptoBot.CrossCutting", "CryptoBot.CrossCutting\CryptoBot.CrossCutting.csproj", "{2EAE5018-8922-4A15-BEAD-09946EE65BE2}"
EndProject
Project("{FAE04EC0-301F-11D3-BF4B-00C04F79EFBC}") = "CryptoBot.Domain", "CryptoBot.Domain\CryptoBot.Domain.csproj", "{3F5C5567-78E9-48A4-A64F-4053E5A7CC6E}"
EndProject
Project("{2150E333-8FDC-42A3-9474-1A3956D46DE8}") = "CryptoBot.Application", "CryptoBot.Application", "{DF3CF71D-DB58-45F1-990C-FCC8F0D7788E}"
EndProject
Project("{FAE04EC0-301F-11D3-BF4B-00C04F79EFBC}") = "CryptoBot.Application.Binance.Client", "CryptoBot.Application\CryptoBot.Application.Binance.Client\CryptoBot.Application.Binance.Client.csproj", "{71496DE3-FD80-4098-9D60-F8B1824C6CC5}"
EndProject
Project("{FAE04EC0-301F-11D3-BF4B-00C04F79EFBC}") = "CryptoBot.Application.Binance.Contract", "CryptoBot.Application\CryptoBot.Application.Binance.Contract\CryptoBot.Application.Binance.Contract.csproj", "{E35FA281-30A1-4558-A56D-08A89537986B}"
EndProject
Project("{FAE04EC0-301F-11D3-BF4B-00C04F79EFBC}") = "CryptoBot.Application.LavinMQ.Client", "CryptoBot.Application\CryptoBot.Application.LavinMQ.Client\CryptoBot.Application.LavinMQ.Client.csproj", "{6726CC36-AB6A-4BC2-A089-B0C75CD4CDFD}"
EndProject
Project("{FAE04EC0-301F-11D3-BF4B-00C04F79EFBC}") = "CryptoBot.Application.LavinMQ.Contract", "CryptoBot.Application\CryptoBot.Application.LavinMQ.Contract\CryptoBot.Application.LavinMQ.Contract.csproj", "{C99AF4D5-8746-4BC1-8281-730AA46F96B6}"
EndProject
Project("{2150E333-8FDC-42A3-9474-1A3956D46DE8}") = "CryptoBot.Infrastructure", "CryptoBot.Infrastructure", "{7D125A26-5B95-4764-B87D-57FF24840E7A}"
EndProject
Project("{2150E333-8FDC-42A3-9474-1A3956D46DE8}") = "CryptoBot.Infrastructure.Repository", "CryptoBot.Infrastructure.Repository", "{51B3297F-82DC-4C95-8180-22846BC74378}"
EndProject
Project("{FAE04EC0-301F-11D3-BF4B-00C04F79EFBC}") = "CryptoBot.Infrastructure.Service", "CryptoBot.Infrastructure\CryptoBot.Infrastructure.Service\CryptoBot.Infrastructure.Service.csproj", "{3943A082-ED6D-472E-80ED-0B7CF60CD02C}"
EndProject
Project("{FAE04EC0-301F-11D3-BF4B-00C04F79EFBC}") = "CryptoBot.Infrastructure.Job", "CryptoBot.Infrastructure\CryptoBot.Infrastructure.Job\CryptoBot.Infrastructure.Job.csproj", "{91A25978-2C77-4695-99FC-629633ECCC36}"
EndProject
Project("{FAE04EC0-301F-11D3-BF4B-00C04F79EFBC}") = "CryptoBot.Infrastructure.Repository.MySql", "CryptoBot.Infrastructure\CryptoBot.Infrastructure.Repository\CryptoBot.Infrastructure.Repository.MySql\CryptoBot.Infrastructure.Repository.MySql.csproj", "{8BA311BC-CF08-403B-A18E-4F981C255A20}"
EndProject
Global
	GlobalSection(SolutionProperties) = preSolution
		HideSolutionNode = FALSE
	EndGlobalSection
	GlobalSection(SolutionConfigurationPlatforms) = preSolution
		Debug|Any CPU = Debug|Any CPU
		Debug|x64 = Debug|x64
		Debug|x86 = Debug|x86
		Release|Any CPU = Release|Any CPU
		Release|x64 = Release|x64
		Release|x86 = Release|x86
	EndGlobalSection
	GlobalSection(ProjectConfigurationPlatforms) = postSolution
		{9310325A-F079-4C81-8BD6-898419F09763}.Debug|Any CPU.ActiveCfg = Debug|Any CPU
		{9310325A-F079-4C81-8BD6-898419F09763}.Debug|Any CPU.Build.0 = Debug|Any CPU
		{9310325A-F079-4C81-8BD6-898419F09763}.Debug|x64.ActiveCfg = Debug|Any CPU
		{9310325A-F079-4C81-8BD6-898419F09763}.Debug|x64.Build.0 = Debug|Any CPU
		{9310325A-F079-4C81-8BD6-898419F09763}.Debug|x86.ActiveCfg = Debug|Any CPU
		{9310325A-F079-4C81-8BD6-898419F09763}.Debug|x86.Build.0 = Debug|Any CPU
		{9310325A-F079-4C81-8BD6-898419F09763}.Release|Any CPU.ActiveCfg = Release|Any CPU
		{9310325A-F079-4C81-8BD6-898419F09763}.Release|Any CPU.Build.0 = Release|Any CPU
		{9310325A-F079-4C81-8BD6-898419F09763}.Release|x64.ActiveCfg = Release|Any CPU
		{9310325A-F079-4C81-8BD6-898419F09763}.Release|x64.Build.0 = Release|Any CPU
		{9310325A-F079-4C81-8BD6-898419F09763}.Release|x86.ActiveCfg = Release|Any CPU
		{9310325A-F079-4C81-8BD6-898419F09763}.Release|x86.Build.0 = Release|Any CPU
		{2EAE5018-8922-4A15-BEAD-09946EE65BE2}.Debug|Any CPU.ActiveCfg = Debug|Any CPU
		{2EAE5018-8922-4A15-BEAD-09946EE65BE2}.Debug|Any CPU.Build.0 = Debug|Any CPU
		{2EAE5018-8922-4A15-BEAD-09946EE65BE2}.Debug|x64.ActiveCfg = Debug|Any CPU
		{2EAE5018-8922-4A15-BEAD-09946EE65BE2}.Debug|x64.Build.0 = Debug|Any CPU
		{2EAE5018-8922-4A15-BEAD-09946EE65BE2}.Debug|x86.ActiveCfg = Debug|Any CPU
		{2EAE5018-8922-4A15-BEAD-09946EE65BE2}.Debug|x86.Build.0 = Debug|Any CPU
		{2EAE5018-8922-4A15-BEAD-09946EE65BE2}.Release|Any CPU.ActiveCfg = Release|Any CPU
		{2EAE5018-8922-4A15-BEAD-09946EE65BE2}.Release|Any CPU.Build.0 = Release|Any CPU
		{2EAE5018-8922-4A15-BEAD-09946EE65BE2}.Release|x64.ActiveCfg = Release|Any CPU
		{2EAE5018-8922-4A15-BEAD-09946EE65BE2}.Release|x64.Build.0 = Release|Any CPU
		{2EAE5018-8922-4A15-BEAD-09946EE65BE2}.Release|x86.ActiveCfg = Release|Any CPU
		{2EAE5018-8922-4A15-BEAD-09946EE65BE2}.Release|x86.Build.0 = Release|Any CPU
		{3F5C5567-78E9-48A4-A64F-4053E5A7CC6E}.Debug|Any CPU.ActiveCfg = Debug|Any CPU
		{3F5C5567-78E9-48A4-A64F-4053E5A7CC6E}.Debug|Any CPU.Build.0 = Debug|Any CPU
		{3F5C5567-78E9-48A4-A64F-4053E5A7CC6E}.Debug|x64.ActiveCfg = Debug|Any CPU
		{3F5C5567-78E9-48A4-A64F-4053E5A7CC6E}.Debug|x64.Build.0 = Debug|Any CPU
		{3F5C5567-78E9-48A4-A64F-4053E5A7CC6E}.Debug|x86.ActiveCfg = Debug|Any CPU
		{3F5C5567-78E9-48A4-A64F-4053E5A7CC6E}.Debug|x86.Build.0 = Debug|Any CPU
		{3F5C5567-78E9-48A4-A64F-4053E5A7CC6E}.Release|Any CPU.ActiveCfg = Release|Any CPU
		{3F5C5567-78E9-48A4-A64F-4053E5A7CC6E}.Release|Any CPU.Build.0 = Release|Any CPU
		{3F5C5567-78E9-48A4-A64F-4053E5A7CC6E}.Release|x64.ActiveCfg = Release|Any CPU
		{3F5C5567-78E9-48A4-A64F-4053E5A7CC6E}.Release|x64.Build.0 = Release|Any CPU
		{3F5C5567-78E9-48A4-A64F-4053E5A7CC6E}.Release|x86.ActiveCfg = Release|Any CPU
		{3F5C5567-78E9-48A4-A64F-4053E5A7CC6E}.Release|x86.Build.0 = Release|Any CPU
		{71496DE3-FD80-4098-9D60-F8B1824C6CC5}.Debug|Any CPU.ActiveCfg = Debug|Any CPU
		{71496DE3-FD80-4098-9D60-F8B1824C6CC5}.Debug|Any CPU.Build.0 = Debug|Any CPU
		{71496DE3-FD80-4098-9D60-F8B1824C6CC5}.Debug|x64.ActiveCfg = Debug|Any CPU
		{71496DE3-FD80-4098-9D60-F8B1824C6CC5}.Debug|x64.Build.0 = Debug|Any CPU
		{71496DE3-FD80-4098-9D60-F8B1824C6CC5}.Debug|x86.ActiveCfg = Debug|Any CPU
		{71496DE3-FD80-4098-9D60-F8B1824C6CC5}.Debug|x86.Build.0 = Debug|Any CPU
		{71496DE3-FD80-4098-9D60-F8B1824C6CC5}.Release|Any CPU.ActiveCfg = Release|Any CPU
		{71496DE3-FD80-4098-9D60-F8B1824C6CC5}.Release|Any CPU.Build.0 = Release|Any CPU
		{71496DE3-FD80-4098-9D60-F8B1824C6CC5}.Release|x64.ActiveCfg = Release|Any CPU
		{71496DE3-FD80-4098-9D60-F8B1824C6CC5}.Release|x64.Build.0 = Release|Any CPU
		{71496DE3-FD80-4098-9D60-F8B1824C6CC5}.Release|x86.ActiveCfg = Release|Any CPU
		{71496DE3-FD80-4098-9D60-F8B1824C6CC5}.Release|x86.Build.0 = Release|Any CPU
		{E35FA281-30A1-4558-A56D-08A89537986B}.Debug|Any CPU.ActiveCfg = Debug|Any CPU
		{E35FA281-30A1-4558-A56D-08A89537986B}.Debug|Any CPU.Build.0 = Debug|Any CPU
		{E35FA281-30A1-4558-A56D-08A89537986B}.Debug|x64.ActiveCfg = Debug|Any CPU
		{E35FA281-30A1-4558-A56D-08A89537986B}.Debug|x64.Build.0 = Debug|Any CPU
		{E35FA281-30A1-4558-A56D-08A89537986B}.Debug|x86.ActiveCfg = Debug|Any CPU
		{E35FA281-30A1-4558-A56D-08A89537986B}.Debug|x86.Build.0 = Debug|Any CPU
		{E35FA281-30A1-4558-A56D-08A89537986B}.Release|Any CPU.ActiveCfg = Release|Any CPU
		{E35FA281-30A1-4558-A56D-08A89537986B}.Release|Any CPU.Build.0 = Release|Any CPU
		{E35FA281-30A1-4558-A56D-08A89537986B}.Release|x64.ActiveCfg = Release|Any CPU
		{E35FA281-30A1-4558-A56D-08A89537986B}.Release|x64.Build.0 = Release|Any CPU
		{E35FA281-30A1-4558-A56D-08A89537986B}.Release|x86.ActiveCfg = Release|Any CPU
		{E35FA281-30A1-4558-A56D-08A89537986B}.Release|x86.Build.0 = Release|Any CPU
		{6726CC36-AB6A-4BC2-A089-B0C75CD4CDFD}.Debug|Any CPU.ActiveCfg = Debug|Any CPU
		{6726CC36-AB6A-4BC2-A089-B0C75CD4CDFD}.Debug|Any CPU.Build.0 = Debug|Any CPU
		{6726CC36-AB6A-4BC2-A089-B0C75CD4CDFD}.Debug|x64.ActiveCfg = Debug|Any CPU
		{6726CC36-AB6A-4BC2-A089-B0C75CD4CDFD}.Debug|x64.Build.0 = Debug|Any CPU
		{6726CC36-AB6A-4BC2-A089-B0C75CD4CDFD}.Debug|x86.ActiveCfg = Debug|Any CPU
		{6726CC36-AB6A-4BC2-A089-B0C75CD4CDFD}.Debug|x86.Build.0 = Debug|Any CPU
		{6726CC36-AB6A-4BC2-A089-B0C75CD4CDFD}.Release|Any CPU.ActiveCfg = Release|Any CPU
		{6726CC36-AB6A-4BC2-A089-B0C75CD4CDFD}.Release|Any CPU.Build.0 = Release|Any CPU
		{6726CC36-AB6A-4BC2-A089-B0C75CD4CDFD}.Release|x64.ActiveCfg = Release|Any CPU
		{6726CC36-AB6A-4BC2-A089-B0C75CD4CDFD}.Release|x64.Build.0 = Release|Any CPU
		{6726CC36-AB6A-4BC2-A089-B0C75CD4CDFD}.Release|x86.ActiveCfg = Release|Any CPU
		{6726CC36-AB6A-4BC2-A089-B0C75CD4CDFD}.Release|x86.Build.0 = Release|Any CPU
		{C99AF4D5-8746-4BC1-8281-730AA46F96B6}.Debug|Any CPU.ActiveCfg = Debug|Any CPU
		{C99AF4D5-8746-4BC1-8281-730AA46F96B6}.Debug|Any CPU.Build.0 = Debug|Any CPU
		{C99AF4D5-8746-4BC1-8281-730AA46F96B6}.Debug|x64.ActiveCfg = Debug|Any CPU
		{C99AF4D5-8746-4BC1-8281-730AA46F96B6}.Debug|x64.Build.0 = Debug|Any CPU
		{C99AF4D5-8746-4BC1-8281-730AA46F96B6}.Debug|x86.ActiveCfg = Debug|Any CPU
		{C99AF4D5-8746-4BC1-8281-730AA46F96B6}.Debug|x86.Build.0 = Debug|Any CPU
		{C99AF4D5-8746-4BC1-8281-730AA46F96B6}.Release|Any CPU.ActiveCfg = Release|Any CPU
		{C99AF4D5-8746-4BC1-8281-730AA46F96B6}.Release|Any CPU.Build.0 = Release|Any CPU
		{C99AF4D5-8746-4BC1-8281-730AA46F96B6}.Release|x64.ActiveCfg = Release|Any CPU
		{C99AF4D5-8746-4BC1-8281-730AA46F96B6}.Release|x64.Build.0 = Release|Any CPU
		{C99AF4D5-8746-4BC1-8281-730AA46F96B6}.Release|x86.ActiveCfg = Release|Any CPU
		{C99AF4D5-8746-4BC1-8281-730AA46F96B6}.Release|x86.Build.0 = Release|Any CPU
		{3943A082-ED6D-472E-80ED-0B7CF60CD02C}.Debug|Any CPU.ActiveCfg = Debug|Any CPU
		{3943A082-ED6D-472E-80ED-0B7CF60CD02C}.Debug|Any CPU.Build.0 = Debug|Any CPU
		{3943A082-ED6D-472E-80ED-0B7CF60CD02C}.Debug|x64.ActiveCfg = Debug|Any CPU
		{3943A082-ED6D-472E-80ED-0B7CF60CD02C}.Debug|x64.Build.0 = Debug|Any CPU
		{3943A082-ED6D-472E-80ED-0B7CF60CD02C}.Debug|x86.ActiveCfg = Debug|Any CPU
		{3943A082-ED6D-472E-80ED-0B7CF60CD02C}.Debug|x86.Build.0 = Debug|Any CPU
		{3943A082-ED6D-472E-80ED-0B7CF60CD02C}.Release|Any CPU.ActiveCfg = Release|Any CPU
		{3943A082-ED6D-472E-80ED-0B7CF60CD02C}.Release|Any CPU.Build.0 = Release|Any CPU
		{3943A082-ED6D-472E-80ED-0B7CF60CD02C}.Release|x64.ActiveCfg = Release|Any CPU
		{3943A082-ED6D-472E-80ED-0B7CF60CD02C}.Release|x64.Build.0 = Release|Any CPU
		{3943A082-ED6D-472E-80ED-0B7CF60CD02C}.Release|x86.ActiveCfg = Release|Any CPU
		{3943A082-ED6D-472E-80ED-0B7CF60CD02C}.Release|x86.Build.0 = Release|Any CPU
		{91A25978-2C77-4695-99FC-629633ECCC36}.Debug|Any CPU.ActiveCfg = Debug|Any CPU
		{91A25978-2C77-4695-99FC-629633ECCC36}.Debug|Any CPU.Build.0 = Debug|Any CPU
		{91A25978-2C77-4695-99FC-629633ECCC36}.Debug|x64.ActiveCfg = Debug|Any CPU
		{91A25978-2C77-4695-99FC-629633ECCC36}.Debug|x64.Build.0 = Debug|Any CPU
		{91A25978-2C77-4695-99FC-629633ECCC36}.Debug|x86.ActiveCfg = Debug|Any CPU
		{91A25978-2C77-4695-99FC-629633ECCC36}.Debug|x86.Build.0 = Debug|Any CPU
		{91A25978-2C77-4695-99FC-629633ECCC36}.Release|Any CPU.ActiveCfg = Release|Any CPU
		{91A25978-2C77-4695-99FC-629633ECCC36}.Release|Any CPU.Build.0 = Release|Any CPU
		{91A25978-2C77-4695-99FC-629633ECCC36}.Release|x64.ActiveCfg = Release|Any CPU
		{91A25978-2C77-4695-99FC-629633ECCC36}.Release|x64.Build.0 = Release|Any CPU
		{91A25978-2C77-4695-99FC-629633ECCC36}.Release|x86.ActiveCfg = Release|Any CPU
		{91A25978-2C77-4695-99FC-629633ECCC36}.Release|x86.Build.0 = Release|Any CPU
		{8BA311BC-CF08-403B-A18E-4F981C255A20}.Debug|Any CPU.ActiveCfg = Debug|Any CPU
		{8BA311BC-CF08-403B-A18E-4F981C255A20}.Debug|Any CPU.Build.0 = Debug|Any CPU
		{8BA311BC-CF08-403B-A18E-4F981C255A20}.Debug|x64.ActiveCfg = Debug|Any CPU
		{8BA311BC-CF08-403B-A18E-4F981C255A20}.Debug|x64.Build.0 = Debug|Any CPU
		{8BA311BC-CF08-403B-A18E-4F981C255A20}.Debug|x86.ActiveCfg = Debug|Any CPU
		{8BA311BC-CF08-403B-A18E-4F981C255A20}.Debug|x86.Build.0 = Debug|Any CPU
		{8BA311BC-CF08-403B-A18E-4F981C255A20}.Release|Any CPU.ActiveCfg = Release|Any CPU
		{8BA311BC-CF08-403B-A18E-4F981C255A20}.Release|Any CPU.Build.0 = Release|Any CPU
		{8BA311BC-CF08-403B-A18E-4F981C255A20}.Release|x64.ActiveCfg = Release|Any CPU
		{8BA311BC-CF08-403B-A18E-4F981C255A20}.Release|x64.Build.0 = Release|Any CPU
		{8BA311BC-CF08-403B-A18E-4F981C255A20}.Release|x86.ActiveCfg = Release|Any CPU
		{8BA311BC-CF08-403B-A18E-4F981C255A20}.Release|x86.Build.0 = Release|Any CPU
	EndGlobalSection
	GlobalSection(NestedProjects) = preSolution
		{71496DE3-FD80-4098-9D60-F8B1824C6CC5} = {DF3CF71D-DB58-45F1-990C-FCC8F0D7788E}
		{E35FA281-30A1-4558-A56D-08A89537986B} = {DF3CF71D-DB58-45F1-990C-FCC8F0D7788E}
		{6726CC36-AB6A-4BC2-A089-B0C75CD4CDFD} = {DF3CF71D-DB58-45F1-990C-FCC8F0D7788E}
		{C99AF4D5-8746-4BC1-8281-730AA46F96B6} = {DF3CF71D-DB58-45F1-990C-FCC8F0D7788E}
		{51B3297F-82DC-4C95-8180-22846BC74378} = {7D125A26-5B95-4764-B87D-57FF24840E7A}
		{3943A082-ED6D-472E-80ED-0B7CF60CD02C} = {7D125A26-5B95-4764-B87D-57FF24840E7A}
		{91A25978-2C77-4695-99FC-629633ECCC36} = {7D125A26-5B95-4764-B87D-57FF24840E7A}
		{8BA311BC-CF08-403B-A18E-4F981C255A20} = {51B3297F-82DC-4C95-8180-22846BC74378}
	EndGlobalSection
EndGlobal
